// !$*UTF8*$!
{
	archiveVersion = 1;
	classes = {
	};
	objectVersion = 46;
	objects = {

/* Begin PBXBuildFile section */
		1D3623260D0F684500981E51 /* AppDelegate.m in Sources */ = {isa = PBXBuildFile; fileRef = 1D3623250D0F684500981E51 /* AppDelegate.m */; };
		1D60589B0D05DD56006BFB54 /* main.m in Sources */ = {isa = PBXBuildFile; fileRef = 29B97316FDCFA39411CA2CEA /* main.m */; };
		21BA146B833F485D9EF9E3C5 /* Social.framework in Frameworks */ = {isa = PBXBuildFile; fileRef = D129A8EADE8E4DBAB80678B1 /* Social.framework */; settings = {ATTRIBUTES = (Weak, ); }; };
		288765FD0DF74451002DB57D /* CoreGraphics.framework in Frameworks */ = {isa = PBXBuildFile; fileRef = 288765FC0DF74451002DB57D /* CoreGraphics.framework */; };
		2C24A2979E864205BE720193 /* AppDelegate+notification.m in Sources */ = {isa = PBXBuildFile; fileRef = A83587513CA04FFCAA7CD17F /* AppDelegate+notification.m */; };
		301BF552109A68D80062928A /* libCordova.a in Frameworks */ = {isa = PBXBuildFile; fileRef = 301BF535109A57CC0062928A /* libCordova.a */; };
		302D95F114D2391D003F00A1 /* MainViewController.m in Sources */ = {isa = PBXBuildFile; fileRef = 302D95EF14D2391D003F00A1 /* MainViewController.m */; };
		302D95F214D2391D003F00A1 /* MainViewController.xib in Resources */ = {isa = PBXBuildFile; fileRef = 302D95F014D2391D003F00A1 /* MainViewController.xib */; };
		305D5FD1115AB8F900A74A75 /* MobileCoreServices.framework in Frameworks */ = {isa = PBXBuildFile; fileRef = 305D5FD0115AB8F900A74A75 /* MobileCoreServices.framework */; };
		3088BBBD154F3926009F9C59 /* Default-Landscape@2x~ipad.png in Resources */ = {isa = PBXBuildFile; fileRef = 3088BBB7154F3926009F9C59 /* Default-Landscape@2x~ipad.png */; };
		3088BBBE154F3926009F9C59 /* Default-Landscape~ipad.png in Resources */ = {isa = PBXBuildFile; fileRef = 3088BBB8154F3926009F9C59 /* Default-Landscape~ipad.png */; };
		3088BBBF154F3926009F9C59 /* Default-Portrait@2x~ipad.png in Resources */ = {isa = PBXBuildFile; fileRef = 3088BBB9154F3926009F9C59 /* Default-Portrait@2x~ipad.png */; };
		3088BBC0154F3926009F9C59 /* Default-Portrait~ipad.png in Resources */ = {isa = PBXBuildFile; fileRef = 3088BBBA154F3926009F9C59 /* Default-Portrait~ipad.png */; };
		3088BBC1154F3926009F9C59 /* Default@2x~iphone.png in Resources */ = {isa = PBXBuildFile; fileRef = 3088BBBB154F3926009F9C59 /* Default@2x~iphone.png */; };
		3088BBC2154F3926009F9C59 /* Default~iphone.png in Resources */ = {isa = PBXBuildFile; fileRef = 3088BBBC154F3926009F9C59 /* Default~iphone.png */; };
		308D05371370CCF300D202BF /* icon-72.png in Resources */ = {isa = PBXBuildFile; fileRef = 308D052E1370CCF300D202BF /* icon-72.png */; };
		308D05381370CCF300D202BF /* icon.png in Resources */ = {isa = PBXBuildFile; fileRef = 308D052F1370CCF300D202BF /* icon.png */; };
		308D05391370CCF300D202BF /* icon@2x.png in Resources */ = {isa = PBXBuildFile; fileRef = 308D05301370CCF300D202BF /* icon@2x.png */; };
		30B4F30019D5E07200D9F7D8 /* Default-667h.png in Resources */ = {isa = PBXBuildFile; fileRef = 30B4F2FD19D5E07200D9F7D8 /* Default-667h.png */; };
		30B4F30119D5E07200D9F7D8 /* Default-736h.png in Resources */ = {isa = PBXBuildFile; fileRef = 30B4F2FE19D5E07200D9F7D8 /* Default-736h.png */; };
		30B4F30219D5E07200D9F7D8 /* Default-Landscape-736h.png in Resources */ = {isa = PBXBuildFile; fileRef = 30B4F2FF19D5E07200D9F7D8 /* Default-Landscape-736h.png */; };
		30C1856619D5FC0A00212699 /* icon-60@3x.png in Resources */ = {isa = PBXBuildFile; fileRef = 30C1856519D5FC0A00212699 /* icon-60@3x.png */; };
		30FC414916E50CA1004E6F35 /* icon-72@2x.png in Resources */ = {isa = PBXBuildFile; fileRef = 30FC414816E50CA1004E6F35 /* icon-72@2x.png */; };
		31DDF06E27DF4083B236E521 /* StreamingMedia.m in Sources */ = {isa = PBXBuildFile; fileRef = 823D1535CBD942318EA6CF9E /* StreamingMedia.m */; };
		38D1C45EC09446908B9DD0C3 /* CDVNotification.m in Sources */ = {isa = PBXBuildFile; fileRef = B9358C553BC94B0F84443B8C /* CDVNotification.m */; };
		39B0E29109924BB5A10B92B7 /* CDVLocation.m in Sources */ = {isa = PBXBuildFile; fileRef = 3C280067A4F6434EADB39102 /* CDVLocation.m */; };
		3EBD24B409E34B31B58A2763 /* AudioToolbox.framework in Frameworks */ = {isa = PBXBuildFile; fileRef = 00718C94D7E346438D24ECDF /* AudioToolbox.framework */; settings = {ATTRIBUTES = (Weak, ); }; };
		4DD1557FF505461BA482BE87 /* UIImage+CropScaleOrientation.m in Sources */ = {isa = PBXBuildFile; fileRef = E96637355BB84B9F938B5F6D /* UIImage+CropScaleOrientation.m */; };
		504A6691026E4E0EBAF52FFE /* PushPlugin.m in Sources */ = {isa = PBXBuildFile; fileRef = 6040681B5A5045F187236136 /* PushPlugin.m */; };
		591FA803FF4049A28C109CC5 /* Toast.m in Sources */ = {isa = PBXBuildFile; fileRef = D52F6DB1AF524B1FBCE47604 /* Toast.m */; };
		5B1594DD16A7569C00FEF299 /* AssetsLibrary.framework in Frameworks */ = {isa = PBXBuildFile; fileRef = 5B1594DC16A7569C00FEF299 /* AssetsLibrary.framework */; };
		63854F97437845C5AF6BAF3A /* CDVFile.m in Sources */ = {isa = PBXBuildFile; fileRef = 5F3C34B2F0A549A7B43E517C /* CDVFile.m */; };
		63F74662106340BAAB4855DB /* SystemConfiguration.framework in Frameworks */ = {isa = PBXBuildFile; fileRef = 705ADAAB4AA047DDBA11184F /* SystemConfiguration.framework */; settings = {ATTRIBUTES = (Weak, ); }; };
		6AC022ED1C4A483493121C18 /* APPEmailComposer.m in Sources */ = {isa = PBXBuildFile; fileRef = 404F3168648D4030AD7D462E /* APPEmailComposer.m */; };
		6CD42F9460AE43DDA2F6F96A /* CDVConnection.m in Sources */ = {isa = PBXBuildFile; fileRef = 8DF3DE935CB241B48CEF4715 /* CDVConnection.m */; };
		6DC4C063C2CE408598BD6D6C /* CDVLocalFilesystem.m in Sources */ = {isa = PBXBuildFile; fileRef = 9AB4DA50CCBF48D792FD82CE /* CDVLocalFilesystem.m */; };
		6E01A21785C94958B11A8FEF /* CDVAssetLibraryFilesystem.m in Sources */ = {isa = PBXBuildFile; fileRef = 4FBC497CFFB54C9A9B85323D /* CDVAssetLibraryFilesystem.m */; };
		76BD71B074E14217BD40FF21 /* QuartzCore.framework in Frameworks */ = {isa = PBXBuildFile; fileRef = 18370F1DDA9F48AC8AE9D3F6 /* QuartzCore.framework */; };
		7DB59BC2071846FD8E96476D /* CDVSound.m in Sources */ = {isa = PBXBuildFile; fileRef = 372BC4A3F7EE458EB3DDD256 /* CDVSound.m */; };
		7E7966DE1810823500FA85AD /* icon-40.png in Resources */ = {isa = PBXBuildFile; fileRef = 7E7966D41810823500FA85AD /* icon-40.png */; };
		7E7966DF1810823500FA85AD /* icon-40@2x.png in Resources */ = {isa = PBXBuildFile; fileRef = 7E7966D51810823500FA85AD /* icon-40@2x.png */; };
		7E7966E01810823500FA85AD /* icon-50.png in Resources */ = {isa = PBXBuildFile; fileRef = 7E7966D61810823500FA85AD /* icon-50.png */; };
		7E7966E11810823500FA85AD /* icon-50@2x.png in Resources */ = {isa = PBXBuildFile; fileRef = 7E7966D71810823500FA85AD /* icon-50@2x.png */; };
		7E7966E21810823500FA85AD /* icon-60.png in Resources */ = {isa = PBXBuildFile; fileRef = 7E7966D81810823500FA85AD /* icon-60.png */; };
		7E7966E31810823500FA85AD /* icon-60@2x.png in Resources */ = {isa = PBXBuildFile; fileRef = 7E7966D91810823500FA85AD /* icon-60@2x.png */; };
		7E7966E41810823500FA85AD /* icon-76.png in Resources */ = {isa = PBXBuildFile; fileRef = 7E7966DA1810823500FA85AD /* icon-76.png */; };
		7E7966E51810823500FA85AD /* icon-76@2x.png in Resources */ = {isa = PBXBuildFile; fileRef = 7E7966DB1810823500FA85AD /* icon-76@2x.png */; };
		7E7966E61810823500FA85AD /* icon-small.png in Resources */ = {isa = PBXBuildFile; fileRef = 7E7966DC1810823500FA85AD /* icon-small.png */; };
		7E7966E71810823500FA85AD /* icon-small@2x.png in Resources */ = {isa = PBXBuildFile; fileRef = 7E7966DD1810823500FA85AD /* icon-small@2x.png */; };
		82738B5165F24FCF8CFE8CAE /* CDVSplashScreen.m in Sources */ = {isa = PBXBuildFile; fileRef = AAA3FA4C74CD4C70B088D204 /* CDVSplashScreen.m */; };
		87F59DFED2A14A91BFC4EE3B /* CDVNotification.bundle in Resources */ = {isa = PBXBuildFile; fileRef = AD4865E68880466299D6B94C /* CDVNotification.bundle */; };
		8B3418E51F09491BA2C8373B /* Toast+UIView.m in Sources */ = {isa = PBXBuildFile; fileRef = A498C13331DB46B59B6E7E7C /* Toast+UIView.m */; };
		8C8BC31ED00C44E2A159116F /* SocialSharing.m in Sources */ = {isa = PBXBuildFile; fileRef = C56F37F594814681B3C71C37 /* SocialSharing.m */; };
		943BCFFF7EA34C5C98BBCBE8 /* CDVDevice.m in Sources */ = {isa = PBXBuildFile; fileRef = BDC542577BCF48DC9F39AEF3 /* CDVDevice.m */; };
		9C72F6C07E8147C38940D18B /* CoreLocation.framework in Frameworks */ = {isa = PBXBuildFile; fileRef = D9BA3968C1C94DA6A41C1F69 /* CoreLocation.framework */; };
		B167B99447A2499A958539FD /* CDVStatusBar.m in Sources */ = {isa = PBXBuildFile; fileRef = AC3CA4E99FD047C2BD83C3EF /* CDVStatusBar.m */; };
		C73685652E7A4236957ED150 /* CDVJpegHeaderWriter.m in Sources */ = {isa = PBXBuildFile; fileRef = 998C596B2A9C461785BD6296 /* CDVJpegHeaderWriter.m */; };
		CAE6A463A9044906A1F12415 /* ImageIO.framework in Frameworks */ = {isa = PBXBuildFile; fileRef = DDCD04904A0A4BC483EFC73A /* ImageIO.framework */; settings = {ATTRIBUTES = (Weak, ); }; };
		CDB3975DE9A84E4B94941694 /* CDVLogger.m in Sources */ = {isa = PBXBuildFile; fileRef = 5EAFD00D0BEE4F14A5BB5294 /* CDVLogger.m */; };
		CE81290953AA42208A8A76A5 /* MessageUI.framework in Frameworks */ = {isa = PBXBuildFile; fileRef = 2FEB52941DE94F178213061A /* MessageUI.framework */; settings = {ATTRIBUTES = (Weak, ); }; };
		D4A0D8761607E02300AEF8BB /* Default-568h@2x~iphone.png in Resources */ = {isa = PBXBuildFile; fileRef = D4A0D8751607E02300AEF8BB /* Default-568h@2x~iphone.png */; };
		D8D616CC7F0940D595361741 /* CDVInAppBrowser.m in Sources */ = {isa = PBXBuildFile; fileRef = DD16B997ACA54DDAAE872CB3 /* CDVInAppBrowser.m */; };
		D912AB78862549F38787BC06 /* MediaPlayer.framework in Frameworks */ = {isa = PBXBuildFile; fileRef = 0E7570A7C3BF4D9A8BF63113 /* MediaPlayer.framework */; };
		EA5909668EE94585918B45EB /* CDVFileTransfer.m in Sources */ = {isa = PBXBuildFile; fileRef = C25B62D3EBDD4E65B96D3167 /* CDVFileTransfer.m */; };
		F27C5FDBF2364853BA42B0DB /* CDVReachability.m in Sources */ = {isa = PBXBuildFile; fileRef = 3585926F563C4AE5996FBEC5 /* CDVReachability.m */; };
		F392F6CCD6854AABA696D78D /* CDVCamera.m in Sources */ = {isa = PBXBuildFile; fileRef = 126B04CF49C74860BD1CE29B /* CDVCamera.m */; };
/* End PBXBuildFile section */

/* Begin PBXContainerItemProxy section */
		301BF534109A57CC0062928A /* PBXContainerItemProxy */ = {
			isa = PBXContainerItemProxy;
			containerPortal = 301BF52D109A57CC0062928A /* CordovaLib.xcodeproj */;
			proxyType = 2;
			remoteGlobalIDString = D2AAC07E0554694100DB518D;
			remoteInfo = CordovaLib;
		};
		301BF550109A68C00062928A /* PBXContainerItemProxy */ = {
			isa = PBXContainerItemProxy;
			containerPortal = 301BF52D109A57CC0062928A /* CordovaLib.xcodeproj */;
			proxyType = 1;
			remoteGlobalIDString = D2AAC07D0554694100DB518D;
			remoteInfo = CordovaLib;
		};
/* End PBXContainerItemProxy section */

/* Begin PBXFileReference section */
		00718C94D7E346438D24ECDF /* AudioToolbox.framework */ = {isa = PBXFileReference; fileEncoding = 4; lastKnownFileType = wrapper.framework; name = AudioToolbox.framework; path = System/Library/Frameworks/AudioToolbox.framework; sourceTree = SDKROOT; };
		05968DF740FB4C10AE475027 /* CDVExif.h */ = {isa = PBXFileReference; fileEncoding = 4; lastKnownFileType = sourcecode.c.h; name = CDVExif.h; path = org.apache.cordova.camera/CDVExif.h; sourceTree = "<group>"; };
		0E7570A7C3BF4D9A8BF63113 /* MediaPlayer.framework */ = {isa = PBXFileReference; fileEncoding = 4; lastKnownFileType = wrapper.framework; name = MediaPlayer.framework; path = System/Library/Frameworks/MediaPlayer.framework; sourceTree = SDKROOT; };
		1216627E5BEC4149B135146E /* UIImage+CropScaleOrientation.h */ = {isa = PBXFileReference; fileEncoding = 4; lastKnownFileType = sourcecode.c.h; name = "UIImage+CropScaleOrientation.h"; path = "org.apache.cordova.camera/UIImage+CropScaleOrientation.h"; sourceTree = "<group>"; };
		126B04CF49C74860BD1CE29B /* CDVCamera.m */ = {isa = PBXFileReference; fileEncoding = 4; lastKnownFileType = sourcecode.c.objc; name = CDVCamera.m; path = org.apache.cordova.camera/CDVCamera.m; sourceTree = "<group>"; };
		12C952F39E2E4D668E35987E /* SocialSharing.h */ = {isa = PBXFileReference; fileEncoding = 4; lastKnownFileType = sourcecode.c.h; name = SocialSharing.h; path = "nl.x-services.plugins.socialsharing/SocialSharing.h"; sourceTree = "<group>"; };
		18370F1DDA9F48AC8AE9D3F6 /* QuartzCore.framework */ = {isa = PBXFileReference; fileEncoding = 4; lastKnownFileType = wrapper.framework; name = QuartzCore.framework; path = System/Library/Frameworks/QuartzCore.framework; sourceTree = SDKROOT; };
		1D3623240D0F684500981E51 /* AppDelegate.h */ = {isa = PBXFileReference; fileEncoding = 4; lastKnownFileType = sourcecode.c.h; path = AppDelegate.h; sourceTree = "<group>"; };
		1D3623250D0F684500981E51 /* AppDelegate.m */ = {isa = PBXFileReference; fileEncoding = 4; lastKnownFileType = sourcecode.c.objc; path = AppDelegate.m; sourceTree = "<group>"; };
		1D6058910D05DD3D006BFB54 /* KingTomato.app */ = {isa = PBXFileReference; explicitFileType = wrapper.application; includeInIndex = 0; path = KingTomato.app; sourceTree = BUILT_PRODUCTS_DIR; };
		1FBB21AF8C894B2DBEEE8FE6 /* PushPlugin.h */ = {isa = PBXFileReference; fileEncoding = 4; lastKnownFileType = sourcecode.c.h; name = PushPlugin.h; path = com.phonegap.plugins.PushPlugin/PushPlugin.h; sourceTree = "<group>"; };
		2272678F7B1342E19D730DC2 /* APPEmailComposer.h */ = {isa = PBXFileReference; fileEncoding = 4; lastKnownFileType = sourcecode.c.h; name = APPEmailComposer.h; path = "de.appplant.cordova.plugin.email-composer/APPEmailComposer.h"; sourceTree = "<group>"; };
		288765FC0DF74451002DB57D /* CoreGraphics.framework */ = {isa = PBXFileReference; lastKnownFileType = wrapper.framework; name = CoreGraphics.framework; path = System/Library/Frameworks/CoreGraphics.framework; sourceTree = SDKROOT; };
		29B97316FDCFA39411CA2CEA /* main.m */ = {isa = PBXFileReference; fileEncoding = 4; lastKnownFileType = sourcecode.c.objc; path = main.m; sourceTree = "<group>"; };
		2BD69B2386804F5592550385 /* CDVCamera.h */ = {isa = PBXFileReference; fileEncoding = 4; lastKnownFileType = sourcecode.c.h; name = CDVCamera.h; path = org.apache.cordova.camera/CDVCamera.h; sourceTree = "<group>"; };
		2FEB52941DE94F178213061A /* MessageUI.framework */ = {isa = PBXFileReference; fileEncoding = 4; lastKnownFileType = wrapper.framework; name = MessageUI.framework; path = System/Library/Frameworks/MessageUI.framework; sourceTree = SDKROOT; };
		301BF52D109A57CC0062928A /* CordovaLib.xcodeproj */ = {isa = PBXFileReference; lastKnownFileType = "wrapper.pb-project"; name = CordovaLib.xcodeproj; path = CordovaLib/CordovaLib.xcodeproj; sourceTree = "<group>"; };
		301BF56E109A69640062928A /* www */ = {isa = PBXFileReference; lastKnownFileType = folder; path = www; sourceTree = SOURCE_ROOT; };
		302D95EE14D2391D003F00A1 /* MainViewController.h */ = {isa = PBXFileReference; fileEncoding = 4; lastKnownFileType = sourcecode.c.h; path = MainViewController.h; sourceTree = "<group>"; };
		302D95EF14D2391D003F00A1 /* MainViewController.m */ = {isa = PBXFileReference; fileEncoding = 4; lastKnownFileType = sourcecode.c.objc; path = MainViewController.m; sourceTree = "<group>"; };
		302D95F014D2391D003F00A1 /* MainViewController.xib */ = {isa = PBXFileReference; fileEncoding = 4; lastKnownFileType = file.xib; path = MainViewController.xib; sourceTree = "<group>"; };
		305D5FD0115AB8F900A74A75 /* MobileCoreServices.framework */ = {isa = PBXFileReference; lastKnownFileType = wrapper.framework; name = MobileCoreServices.framework; path = System/Library/Frameworks/MobileCoreServices.framework; sourceTree = SDKROOT; };
		3088BBB7154F3926009F9C59 /* Default-Landscape@2x~ipad.png */ = {isa = PBXFileReference; lastKnownFileType = image.png; path = "Default-Landscape@2x~ipad.png"; sourceTree = "<group>"; };
		3088BBB8154F3926009F9C59 /* Default-Landscape~ipad.png */ = {isa = PBXFileReference; lastKnownFileType = image.png; path = "Default-Landscape~ipad.png"; sourceTree = "<group>"; };
		3088BBB9154F3926009F9C59 /* Default-Portrait@2x~ipad.png */ = {isa = PBXFileReference; lastKnownFileType = image.png; path = "Default-Portrait@2x~ipad.png"; sourceTree = "<group>"; };
		3088BBBA154F3926009F9C59 /* Default-Portrait~ipad.png */ = {isa = PBXFileReference; lastKnownFileType = image.png; path = "Default-Portrait~ipad.png"; sourceTree = "<group>"; };
		3088BBBB154F3926009F9C59 /* Default@2x~iphone.png */ = {isa = PBXFileReference; lastKnownFileType = image.png; path = "Default@2x~iphone.png"; sourceTree = "<group>"; };
		3088BBBC154F3926009F9C59 /* Default~iphone.png */ = {isa = PBXFileReference; lastKnownFileType = image.png; path = "Default~iphone.png"; sourceTree = "<group>"; };
		308D052E1370CCF300D202BF /* icon-72.png */ = {isa = PBXFileReference; lastKnownFileType = image.png; path = "icon-72.png"; sourceTree = "<group>"; };
		308D052F1370CCF300D202BF /* icon.png */ = {isa = PBXFileReference; lastKnownFileType = image.png; path = icon.png; sourceTree = "<group>"; };
		308D05301370CCF300D202BF /* icon@2x.png */ = {isa = PBXFileReference; lastKnownFileType = image.png; path = "icon@2x.png"; sourceTree = "<group>"; };
		30B4F2FD19D5E07200D9F7D8 /* Default-667h.png */ = {isa = PBXFileReference; lastKnownFileType = image.png; path = "Default-667h.png"; sourceTree = "<group>"; };
		30B4F2FE19D5E07200D9F7D8 /* Default-736h.png */ = {isa = PBXFileReference; lastKnownFileType = image.png; path = "Default-736h.png"; sourceTree = "<group>"; };
		30B4F2FF19D5E07200D9F7D8 /* Default-Landscape-736h.png */ = {isa = PBXFileReference; lastKnownFileType = image.png; path = "Default-Landscape-736h.png"; sourceTree = "<group>"; };
		30C1856519D5FC0A00212699 /* icon-60@3x.png */ = {isa = PBXFileReference; lastKnownFileType = image.png; path = "icon-60@3x.png"; sourceTree = "<group>"; };
		30FC414816E50CA1004E6F35 /* icon-72@2x.png */ = {isa = PBXFileReference; lastKnownFileType = image.png; path = "icon-72@2x.png"; sourceTree = "<group>"; };
		32CA4F630368D1EE00C91783 /* KingTomato-Prefix.pch */ = {isa = PBXFileReference; fileEncoding = 4; lastKnownFileType = sourcecode.c.h; path = "KingTomato-Prefix.pch"; sourceTree = "<group>"; };
		3585926F563C4AE5996FBEC5 /* CDVReachability.m */ = {isa = PBXFileReference; fileEncoding = 4; lastKnownFileType = sourcecode.c.objc; name = CDVReachability.m; path = "org.apache.cordova.network-information/CDVReachability.m"; sourceTree = "<group>"; };
		36604B3FF99744B498D067E2 /* StreamingMedia.h */ = {isa = PBXFileReference; fileEncoding = 4; lastKnownFileType = sourcecode.c.h; name = StreamingMedia.h; path = com.hutchind.cordova.plugins.streamingmedia/StreamingMedia.h; sourceTree = "<group>"; };
		372BC4A3F7EE458EB3DDD256 /* CDVSound.m */ = {isa = PBXFileReference; fileEncoding = 4; lastKnownFileType = sourcecode.c.objc; name = CDVSound.m; path = org.apache.cordova.media/CDVSound.m; sourceTree = "<group>"; };
		3C280067A4F6434EADB39102 /* CDVLocation.m */ = {isa = PBXFileReference; fileEncoding = 4; lastKnownFileType = sourcecode.c.objc; name = CDVLocation.m; path = org.apache.cordova.geolocation/CDVLocation.m; sourceTree = "<group>"; };
		404F3168648D4030AD7D462E /* APPEmailComposer.m */ = {isa = PBXFileReference; fileEncoding = 4; lastKnownFileType = sourcecode.c.objc; name = APPEmailComposer.m; path = "de.appplant.cordova.plugin.email-composer/APPEmailComposer.m"; sourceTree = "<group>"; };
		405A143758814D78936CC42E /* CDVFileTransfer.h */ = {isa = PBXFileReference; fileEncoding = 4; lastKnownFileType = sourcecode.c.h; name = CDVFileTransfer.h; path = "org.apache.cordova.file-transfer/CDVFileTransfer.h"; sourceTree = "<group>"; };
		4FBC497CFFB54C9A9B85323D /* CDVAssetLibraryFilesystem.m */ = {isa = PBXFileReference; fileEncoding = 4; lastKnownFileType = sourcecode.c.objc; name = CDVAssetLibraryFilesystem.m; path = org.apache.cordova.file/CDVAssetLibraryFilesystem.m; sourceTree = "<group>"; };
		54DBCE382E00423CAC48ABC2 /* CDVLocalFilesystem.h */ = {isa = PBXFileReference; fileEncoding = 4; lastKnownFileType = sourcecode.c.h; name = CDVLocalFilesystem.h; path = org.apache.cordova.file/CDVLocalFilesystem.h; sourceTree = "<group>"; };
		57AE10A7B8DC43F5AFFE1E26 /* Toast+UIView.h */ = {isa = PBXFileReference; fileEncoding = 4; lastKnownFileType = sourcecode.c.h; name = "Toast+UIView.h"; path = "nl.x-services.plugins.toast/Toast+UIView.h"; sourceTree = "<group>"; };
		5B1594DC16A7569C00FEF299 /* AssetsLibrary.framework */ = {isa = PBXFileReference; lastKnownFileType = wrapper.framework; name = AssetsLibrary.framework; path = System/Library/Frameworks/AssetsLibrary.framework; sourceTree = SDKROOT; };
		5D8E968DE0EA4971B3307651 /* CDVSound.h */ = {isa = PBXFileReference; fileEncoding = 4; lastKnownFileType = sourcecode.c.h; name = CDVSound.h; path = org.apache.cordova.media/CDVSound.h; sourceTree = "<group>"; };
		5EAFD00D0BEE4F14A5BB5294 /* CDVLogger.m */ = {isa = PBXFileReference; fileEncoding = 4; lastKnownFileType = sourcecode.c.objc; name = CDVLogger.m; path = org.apache.cordova.console/CDVLogger.m; sourceTree = "<group>"; };
		5F3C34B2F0A549A7B43E517C /* CDVFile.m */ = {isa = PBXFileReference; fileEncoding = 4; lastKnownFileType = sourcecode.c.objc; name = CDVFile.m; path = org.apache.cordova.file/CDVFile.m; sourceTree = "<group>"; };
		6040681B5A5045F187236136 /* PushPlugin.m */ = {isa = PBXFileReference; fileEncoding = 4; lastKnownFileType = sourcecode.c.objc; name = PushPlugin.m; path = com.phonegap.plugins.PushPlugin/PushPlugin.m; sourceTree = "<group>"; };
		62BB475F42B84903B21409EF /* CDVConnection.h */ = {isa = PBXFileReference; fileEncoding = 4; lastKnownFileType = sourcecode.c.h; name = CDVConnection.h; path = "org.apache.cordova.network-information/CDVConnection.h"; sourceTree = "<group>"; };
		705ADAAB4AA047DDBA11184F /* SystemConfiguration.framework */ = {isa = PBXFileReference; fileEncoding = 4; lastKnownFileType = wrapper.framework; name = SystemConfiguration.framework; path = System/Library/Frameworks/SystemConfiguration.framework; sourceTree = SDKROOT; };
		70D5D798F8564CCC94831519 /* CDVNotification.h */ = {isa = PBXFileReference; fileEncoding = 4; lastKnownFileType = sourcecode.c.h; name = CDVNotification.h; path = org.apache.cordova.dialogs/CDVNotification.h; sourceTree = "<group>"; };
		72BA6115E6D64CBE94377E54 /* CDVFile.h */ = {isa = PBXFileReference; fileEncoding = 4; lastKnownFileType = sourcecode.c.h; name = CDVFile.h; path = org.apache.cordova.file/CDVFile.h; sourceTree = "<group>"; };
		7854179B70EA4EF7B7E30434 /* CDVLocation.h */ = {isa = PBXFileReference; fileEncoding = 4; lastKnownFileType = sourcecode.c.h; name = CDVLocation.h; path = org.apache.cordova.geolocation/CDVLocation.h; sourceTree = "<group>"; };
		78B69973741548FD9871CA45 /* CDVDevice.h */ = {isa = PBXFileReference; fileEncoding = 4; lastKnownFileType = sourcecode.c.h; name = CDVDevice.h; path = org.apache.cordova.device/CDVDevice.h; sourceTree = "<group>"; };
		7A9C8CD7B23345A6A82FC2C3 /* AppDelegate+notification.h */ = {isa = PBXFileReference; fileEncoding = 4; lastKnownFileType = sourcecode.c.h; name = "AppDelegate+notification.h"; path = "com.phonegap.plugins.PushPlugin/AppDelegate+notification.h"; sourceTree = "<group>"; };
		7E7966D41810823500FA85AD /* icon-40.png */ = {isa = PBXFileReference; lastKnownFileType = image.png; path = "icon-40.png"; sourceTree = "<group>"; };
		7E7966D51810823500FA85AD /* icon-40@2x.png */ = {isa = PBXFileReference; lastKnownFileType = image.png; path = "icon-40@2x.png"; sourceTree = "<group>"; };
		7E7966D61810823500FA85AD /* icon-50.png */ = {isa = PBXFileReference; lastKnownFileType = image.png; path = "icon-50.png"; sourceTree = "<group>"; };
		7E7966D71810823500FA85AD /* icon-50@2x.png */ = {isa = PBXFileReference; lastKnownFileType = image.png; path = "icon-50@2x.png"; sourceTree = "<group>"; };
		7E7966D81810823500FA85AD /* icon-60.png */ = {isa = PBXFileReference; lastKnownFileType = image.png; path = "icon-60.png"; sourceTree = "<group>"; };
		7E7966D91810823500FA85AD /* icon-60@2x.png */ = {isa = PBXFileReference; lastKnownFileType = image.png; path = "icon-60@2x.png"; sourceTree = "<group>"; };
		7E7966DA1810823500FA85AD /* icon-76.png */ = {isa = PBXFileReference; lastKnownFileType = image.png; path = "icon-76.png"; sourceTree = "<group>"; };
		7E7966DB1810823500FA85AD /* icon-76@2x.png */ = {isa = PBXFileReference; lastKnownFileType = image.png; path = "icon-76@2x.png"; sourceTree = "<group>"; };
		7E7966DC1810823500FA85AD /* icon-small.png */ = {isa = PBXFileReference; lastKnownFileType = image.png; path = "icon-small.png"; sourceTree = "<group>"; };
		7E7966DD1810823500FA85AD /* icon-small@2x.png */ = {isa = PBXFileReference; lastKnownFileType = image.png; path = "icon-small@2x.png"; sourceTree = "<group>"; };
		823D1535CBD942318EA6CF9E /* StreamingMedia.m */ = {isa = PBXFileReference; fileEncoding = 4; lastKnownFileType = sourcecode.c.objc; name = StreamingMedia.m; path = com.hutchind.cordova.plugins.streamingmedia/StreamingMedia.m; sourceTree = "<group>"; };
		87DE37225FB0409786193F69 /* CDVStatusBar.h */ = {isa = PBXFileReference; fileEncoding = 4; lastKnownFileType = sourcecode.c.h; name = CDVStatusBar.h; path = org.apache.cordova.statusbar/CDVStatusBar.h; sourceTree = "<group>"; };
		8D1107310486CEB800E47090 /* KingTomato-Info.plist */ = {isa = PBXFileReference; fileEncoding = 4; lastKnownFileType = text.plist.xml; name = "KingTomato-Info.plist"; path = "../KingTomato-Info.plist"; plistStructureDefinitionIdentifier = "com.apple.xcode.plist.structure-definition.iphone.info-plist"; sourceTree = "<group>"; };
		8DF3DE935CB241B48CEF4715 /* CDVConnection.m */ = {isa = PBXFileReference; fileEncoding = 4; lastKnownFileType = sourcecode.c.objc; name = CDVConnection.m; path = "org.apache.cordova.network-information/CDVConnection.m"; sourceTree = "<group>"; };
		998C596B2A9C461785BD6296 /* CDVJpegHeaderWriter.m */ = {isa = PBXFileReference; fileEncoding = 4; lastKnownFileType = sourcecode.c.objc; name = CDVJpegHeaderWriter.m; path = org.apache.cordova.camera/CDVJpegHeaderWriter.m; sourceTree = "<group>"; };
		9A9C0A458B854E24AC73CA27 /* CDVInAppBrowser.h */ = {isa = PBXFileReference; fileEncoding = 4; lastKnownFileType = sourcecode.c.h; name = CDVInAppBrowser.h; path = org.apache.cordova.inappbrowser/CDVInAppBrowser.h; sourceTree = "<group>"; };
		9AB4DA50CCBF48D792FD82CE /* CDVLocalFilesystem.m */ = {isa = PBXFileReference; fileEncoding = 4; lastKnownFileType = sourcecode.c.objc; name = CDVLocalFilesystem.m; path = org.apache.cordova.file/CDVLocalFilesystem.m; sourceTree = "<group>"; };
		A26EBB7F2D2E40AFAC1C4B6E /* CDVAssetLibraryFilesystem.h */ = {isa = PBXFileReference; fileEncoding = 4; lastKnownFileType = sourcecode.c.h; name = CDVAssetLibraryFilesystem.h; path = org.apache.cordova.file/CDVAssetLibraryFilesystem.h; sourceTree = "<group>"; };
		A498C13331DB46B59B6E7E7C /* Toast+UIView.m */ = {isa = PBXFileReference; fileEncoding = 4; lastKnownFileType = sourcecode.c.objc; name = "Toast+UIView.m"; path = "nl.x-services.plugins.toast/Toast+UIView.m"; sourceTree = "<group>"; };
		A83587513CA04FFCAA7CD17F /* AppDelegate+notification.m */ = {isa = PBXFileReference; fileEncoding = 4; lastKnownFileType = sourcecode.c.objc; name = "AppDelegate+notification.m"; path = "com.phonegap.plugins.PushPlugin/AppDelegate+notification.m"; sourceTree = "<group>"; };
		AAA3FA4C74CD4C70B088D204 /* CDVSplashScreen.m */ = {isa = PBXFileReference; fileEncoding = 4; lastKnownFileType = sourcecode.c.objc; name = CDVSplashScreen.m; path = org.apache.cordova.splashscreen/CDVSplashScreen.m; sourceTree = "<group>"; };
		AC3CA4E99FD047C2BD83C3EF /* CDVStatusBar.m */ = {isa = PBXFileReference; fileEncoding = 4; lastKnownFileType = sourcecode.c.objc; name = CDVStatusBar.m; path = org.apache.cordova.statusbar/CDVStatusBar.m; sourceTree = "<group>"; };
		AD4865E68880466299D6B94C /* CDVNotification.bundle */ = {isa = PBXFileReference; lastKnownFileType = "wrapper.plug-in"; path = CDVNotification.bundle; sourceTree = "<group>"; };
		B516EB71AC88459A8F6373F2 /* CDVReachability.h */ = {isa = PBXFileReference; fileEncoding = 4; lastKnownFileType = sourcecode.c.h; name = CDVReachability.h; path = "org.apache.cordova.network-information/CDVReachability.h"; sourceTree = "<group>"; };
		B9358C553BC94B0F84443B8C /* CDVNotification.m */ = {isa = PBXFileReference; fileEncoding = 4; lastKnownFileType = sourcecode.c.objc; name = CDVNotification.m; path = org.apache.cordova.dialogs/CDVNotification.m; sourceTree = "<group>"; };
		BDC542577BCF48DC9F39AEF3 /* CDVDevice.m */ = {isa = PBXFileReference; fileEncoding = 4; lastKnownFileType = sourcecode.c.objc; name = CDVDevice.m; path = org.apache.cordova.device/CDVDevice.m; sourceTree = "<group>"; };
		C198AF350D7A4892814A7A81 /* CDVJpegHeaderWriter.h */ = {isa = PBXFileReference; fileEncoding = 4; lastKnownFileType = sourcecode.c.h; name = CDVJpegHeaderWriter.h; path = org.apache.cordova.camera/CDVJpegHeaderWriter.h; sourceTree = "<group>"; };
		C25B62D3EBDD4E65B96D3167 /* CDVFileTransfer.m */ = {isa = PBXFileReference; fileEncoding = 4; lastKnownFileType = sourcecode.c.objc; name = CDVFileTransfer.m; path = "org.apache.cordova.file-transfer/CDVFileTransfer.m"; sourceTree = "<group>"; };
		C56F37F594814681B3C71C37 /* SocialSharing.m */ = {isa = PBXFileReference; fileEncoding = 4; lastKnownFileType = sourcecode.c.objc; name = SocialSharing.m; path = "nl.x-services.plugins.socialsharing/SocialSharing.m"; sourceTree = "<group>"; };
		C708A69BD0FB42288C03D621 /* CDVLogger.h */ = {isa = PBXFileReference; fileEncoding = 4; lastKnownFileType = sourcecode.c.h; name = CDVLogger.h; path = org.apache.cordova.console/CDVLogger.h; sourceTree = "<group>"; };
		C82562428B1A453FB4BBA095 /* CDVSplashScreen.h */ = {isa = PBXFileReference; fileEncoding = 4; lastKnownFileType = sourcecode.c.h; name = CDVSplashScreen.h; path = org.apache.cordova.splashscreen/CDVSplashScreen.h; sourceTree = "<group>"; };
		D129A8EADE8E4DBAB80678B1 /* Social.framework */ = {isa = PBXFileReference; fileEncoding = 4; lastKnownFileType = wrapper.framework; name = Social.framework; path = System/Library/Frameworks/Social.framework; sourceTree = SDKROOT; };
		D4A0D8751607E02300AEF8BB /* Default-568h@2x~iphone.png */ = {isa = PBXFileReference; lastKnownFileType = image.png; path = "Default-568h@2x~iphone.png"; sourceTree = "<group>"; };
		D52F6DB1AF524B1FBCE47604 /* Toast.m */ = {isa = PBXFileReference; fileEncoding = 4; lastKnownFileType = sourcecode.c.objc; name = Toast.m; path = "nl.x-services.plugins.toast/Toast.m"; sourceTree = "<group>"; };
		D9BA3968C1C94DA6A41C1F69 /* CoreLocation.framework */ = {isa = PBXFileReference; fileEncoding = 4; lastKnownFileType = wrapper.framework; name = CoreLocation.framework; path = System/Library/Frameworks/CoreLocation.framework; sourceTree = SDKROOT; };
		DD16B997ACA54DDAAE872CB3 /* CDVInAppBrowser.m */ = {isa = PBXFileReference; fileEncoding = 4; lastKnownFileType = sourcecode.c.objc; name = CDVInAppBrowser.m; path = org.apache.cordova.inappbrowser/CDVInAppBrowser.m; sourceTree = "<group>"; };
		DDCD04904A0A4BC483EFC73A /* ImageIO.framework */ = {isa = PBXFileReference; fileEncoding = 4; lastKnownFileType = wrapper.framework; name = ImageIO.framework; path = System/Library/Frameworks/ImageIO.framework; sourceTree = SDKROOT; };
		E96637355BB84B9F938B5F6D /* UIImage+CropScaleOrientation.m */ = {isa = PBXFileReference; fileEncoding = 4; lastKnownFileType = sourcecode.c.objc; name = "UIImage+CropScaleOrientation.m"; path = "org.apache.cordova.camera/UIImage+CropScaleOrientation.m"; sourceTree = "<group>"; };
		EB87FDF21871DA7A0020F90C /* merges */ = {isa = PBXFileReference; lastKnownFileType = folder; name = merges; path = ../../merges; sourceTree = "<group>"; };
		EB87FDF31871DA8E0020F90C /* www */ = {isa = PBXFileReference; lastKnownFileType = folder; name = www; path = ../../www; sourceTree = "<group>"; };
		EB87FDF41871DAF40020F90C /* config.xml */ = {isa = PBXFileReference; lastKnownFileType = text.xml; name = config.xml; path = ../../config.xml; sourceTree = "<group>"; };
		EEF0B07645344DF6B4989C26 /* Toast.h */ = {isa = PBXFileReference; fileEncoding = 4; lastKnownFileType = sourcecode.c.h; name = Toast.h; path = "nl.x-services.plugins.toast/Toast.h"; sourceTree = "<group>"; };
		F840E1F0165FE0F500CFE078 /* config.xml */ = {isa = PBXFileReference; lastKnownFileType = text.xml; name = config.xml; path = KingTomato/config.xml; sourceTree = "<group>"; };
/* End PBXFileReference section */

/* Begin PBXFrameworksBuildPhase section */
		1D60588F0D05DD3D006BFB54 /* Frameworks */ = {
			isa = PBXFrameworksBuildPhase;
			buildActionMask = 2147483647;
			files = (
				5B1594DD16A7569C00FEF299 /* AssetsLibrary.framework in Frameworks */,
				301BF552109A68D80062928A /* libCordova.a in Frameworks */,
				288765FD0DF74451002DB57D /* CoreGraphics.framework in Frameworks */,
				305D5FD1115AB8F900A74A75 /* MobileCoreServices.framework in Frameworks */,
				D912AB78862549F38787BC06 /* MediaPlayer.framework in Frameworks */,
				21BA146B833F485D9EF9E3C5 /* Social.framework in Frameworks */,
				CE81290953AA42208A8A76A5 /* MessageUI.framework in Frameworks */,
				76BD71B074E14217BD40FF21 /* QuartzCore.framework in Frameworks */,
				3EBD24B409E34B31B58A2763 /* AudioToolbox.framework in Frameworks */,
				9C72F6C07E8147C38940D18B /* CoreLocation.framework in Frameworks */,
				63F74662106340BAAB4855DB /* SystemConfiguration.framework in Frameworks */,
				CAE6A463A9044906A1F12415 /* ImageIO.framework in Frameworks */,
			);
			runOnlyForDeploymentPostprocessing = 0;
		};
/* End PBXFrameworksBuildPhase section */

/* Begin PBXGroup section */
		080E96DDFE201D6D7F000001 /* Classes */ = {
			isa = PBXGroup;
			children = (
				302D95EE14D2391D003F00A1 /* MainViewController.h */,
				302D95EF14D2391D003F00A1 /* MainViewController.m */,
				302D95F014D2391D003F00A1 /* MainViewController.xib */,
				1D3623240D0F684500981E51 /* AppDelegate.h */,
				1D3623250D0F684500981E51 /* AppDelegate.m */,
			);
			name = Classes;
			path = KingTomato/Classes;
			sourceTree = SOURCE_ROOT;
		};
		19C28FACFE9D520D11CA2CBB /* Products */ = {
			isa = PBXGroup;
			children = (
				1D6058910D05DD3D006BFB54 /* KingTomato.app */,
			);
			name = Products;
			sourceTree = "<group>";
		};
		29B97314FDCFA39411CA2CEA /* CustomTemplate */ = {
			isa = PBXGroup;
			children = (
				EB87FDF41871DAF40020F90C /* config.xml */,
				EB87FDF31871DA8E0020F90C /* www */,
				EB87FDF21871DA7A0020F90C /* merges */,
				EB87FDF11871DA420020F90C /* Staging */,
				301BF52D109A57CC0062928A /* CordovaLib.xcodeproj */,
				080E96DDFE201D6D7F000001 /* Classes */,
				307C750510C5A3420062BCA9 /* Plugins */,
				29B97315FDCFA39411CA2CEA /* Other Sources */,
				29B97317FDCFA39411CA2CEA /* Resources */,
				29B97323FDCFA39411CA2CEA /* Frameworks */,
				19C28FACFE9D520D11CA2CBB /* Products */,
			);
			name = CustomTemplate;
			sourceTree = "<group>";
		};
		29B97315FDCFA39411CA2CEA /* Other Sources */ = {
			isa = PBXGroup;
			children = (
				32CA4F630368D1EE00C91783 /* KingTomato-Prefix.pch */,
				29B97316FDCFA39411CA2CEA /* main.m */,
			);
			name = "Other Sources";
			path = KingTomato;
			sourceTree = "<group>";
		};
		29B97317FDCFA39411CA2CEA /* Resources */ = {
			isa = PBXGroup;
			children = (
				308D052D1370CCF300D202BF /* icons */,
				308D05311370CCF300D202BF /* splash */,
				8D1107310486CEB800E47090 /* KingTomato-Info.plist */,
				AD4865E68880466299D6B94C /* CDVNotification.bundle */,
			);
			name = Resources;
			path = KingTomato/Resources;
			sourceTree = "<group>";
		};
		29B97323FDCFA39411CA2CEA /* Frameworks */ = {
			isa = PBXGroup;
			children = (
				5B1594DC16A7569C00FEF299 /* AssetsLibrary.framework */,
				288765FC0DF74451002DB57D /* CoreGraphics.framework */,
				305D5FD0115AB8F900A74A75 /* MobileCoreServices.framework */,
				0E7570A7C3BF4D9A8BF63113 /* MediaPlayer.framework */,
				D129A8EADE8E4DBAB80678B1 /* Social.framework */,
				2FEB52941DE94F178213061A /* MessageUI.framework */,
				18370F1DDA9F48AC8AE9D3F6 /* QuartzCore.framework */,
				00718C94D7E346438D24ECDF /* AudioToolbox.framework */,
				D9BA3968C1C94DA6A41C1F69 /* CoreLocation.framework */,
				705ADAAB4AA047DDBA11184F /* SystemConfiguration.framework */,
				DDCD04904A0A4BC483EFC73A /* ImageIO.framework */,
			);
			name = Frameworks;
			sourceTree = "<group>";
		};
		301BF52E109A57CC0062928A /* Products */ = {
			isa = PBXGroup;
			children = (
				301BF535109A57CC0062928A /* libCordova.a */,
			);
			name = Products;
			sourceTree = "<group>";
		};
		307C750510C5A3420062BCA9 /* Plugins */ = {
			isa = PBXGroup;
			children = (
				823D1535CBD942318EA6CF9E /* StreamingMedia.m */,
				36604B3FF99744B498D067E2 /* StreamingMedia.h */,
				A83587513CA04FFCAA7CD17F /* AppDelegate+notification.m */,
				6040681B5A5045F187236136 /* PushPlugin.m */,
				7A9C8CD7B23345A6A82FC2C3 /* AppDelegate+notification.h */,
				1FBB21AF8C894B2DBEEE8FE6 /* PushPlugin.h */,
				C56F37F594814681B3C71C37 /* SocialSharing.m */,
				12C952F39E2E4D668E35987E /* SocialSharing.h */,
				A498C13331DB46B59B6E7E7C /* Toast+UIView.m */,
				D52F6DB1AF524B1FBCE47604 /* Toast.m */,
				57AE10A7B8DC43F5AFFE1E26 /* Toast+UIView.h */,
				EEF0B07645344DF6B4989C26 /* Toast.h */,
				5EAFD00D0BEE4F14A5BB5294 /* CDVLogger.m */,
				C708A69BD0FB42288C03D621 /* CDVLogger.h */,
				BDC542577BCF48DC9F39AEF3 /* CDVDevice.m */,
				78B69973741548FD9871CA45 /* CDVDevice.h */,
				B9358C553BC94B0F84443B8C /* CDVNotification.m */,
				70D5D798F8564CCC94831519 /* CDVNotification.h */,
				5F3C34B2F0A549A7B43E517C /* CDVFile.m */,
				9AB4DA50CCBF48D792FD82CE /* CDVLocalFilesystem.m */,
				4FBC497CFFB54C9A9B85323D /* CDVAssetLibraryFilesystem.m */,
				72BA6115E6D64CBE94377E54 /* CDVFile.h */,
				54DBCE382E00423CAC48ABC2 /* CDVLocalFilesystem.h */,
				A26EBB7F2D2E40AFAC1C4B6E /* CDVAssetLibraryFilesystem.h */,
				372BC4A3F7EE458EB3DDD256 /* CDVSound.m */,
				5D8E968DE0EA4971B3307651 /* CDVSound.h */,
				C25B62D3EBDD4E65B96D3167 /* CDVFileTransfer.m */,
				405A143758814D78936CC42E /* CDVFileTransfer.h */,
				3C280067A4F6434EADB39102 /* CDVLocation.m */,
				7854179B70EA4EF7B7E30434 /* CDVLocation.h */,
				DD16B997ACA54DDAAE872CB3 /* CDVInAppBrowser.m */,
				9A9C0A458B854E24AC73CA27 /* CDVInAppBrowser.h */,
				8DF3DE935CB241B48CEF4715 /* CDVConnection.m */,
				3585926F563C4AE5996FBEC5 /* CDVReachability.m */,
				62BB475F42B84903B21409EF /* CDVConnection.h */,
				B516EB71AC88459A8F6373F2 /* CDVReachability.h */,
				AAA3FA4C74CD4C70B088D204 /* CDVSplashScreen.m */,
				C82562428B1A453FB4BBA095 /* CDVSplashScreen.h */,
				AC3CA4E99FD047C2BD83C3EF /* CDVStatusBar.m */,
				87DE37225FB0409786193F69 /* CDVStatusBar.h */,
				E96637355BB84B9F938B5F6D /* UIImage+CropScaleOrientation.m */,
				126B04CF49C74860BD1CE29B /* CDVCamera.m */,
				998C596B2A9C461785BD6296 /* CDVJpegHeaderWriter.m */,
				1216627E5BEC4149B135146E /* UIImage+CropScaleOrientation.h */,
				2BD69B2386804F5592550385 /* CDVCamera.h */,
				C198AF350D7A4892814A7A81 /* CDVJpegHeaderWriter.h */,
				05968DF740FB4C10AE475027 /* CDVExif.h */,
				404F3168648D4030AD7D462E /* APPEmailComposer.m */,
				2272678F7B1342E19D730DC2 /* APPEmailComposer.h */,
			);
			name = Plugins;
			path = KingTomato/Plugins;
			sourceTree = SOURCE_ROOT;
		};
		308D052D1370CCF300D202BF /* icons */ = {
			isa = PBXGroup;
			children = (
				30C1856519D5FC0A00212699 /* icon-60@3x.png */,
				7E7966D41810823500FA85AD /* icon-40.png */,
				7E7966D51810823500FA85AD /* icon-40@2x.png */,
				7E7966D61810823500FA85AD /* icon-50.png */,
				7E7966D71810823500FA85AD /* icon-50@2x.png */,
				7E7966D81810823500FA85AD /* icon-60.png */,
				7E7966D91810823500FA85AD /* icon-60@2x.png */,
				7E7966DA1810823500FA85AD /* icon-76.png */,
				7E7966DB1810823500FA85AD /* icon-76@2x.png */,
				7E7966DC1810823500FA85AD /* icon-small.png */,
				7E7966DD1810823500FA85AD /* icon-small@2x.png */,
				30FC414816E50CA1004E6F35 /* icon-72@2x.png */,
				308D052E1370CCF300D202BF /* icon-72.png */,
				308D052F1370CCF300D202BF /* icon.png */,
				308D05301370CCF300D202BF /* icon@2x.png */,
			);
			path = icons;
			sourceTree = "<group>";
		};
		308D05311370CCF300D202BF /* splash */ = {
			isa = PBXGroup;
			children = (
				30B4F2FD19D5E07200D9F7D8 /* Default-667h.png */,
				30B4F2FE19D5E07200D9F7D8 /* Default-736h.png */,
				30B4F2FF19D5E07200D9F7D8 /* Default-Landscape-736h.png */,
				D4A0D8751607E02300AEF8BB /* Default-568h@2x~iphone.png */,
				3088BBB7154F3926009F9C59 /* Default-Landscape@2x~ipad.png */,
				3088BBB8154F3926009F9C59 /* Default-Landscape~ipad.png */,
				3088BBB9154F3926009F9C59 /* Default-Portrait@2x~ipad.png */,
				3088BBBA154F3926009F9C59 /* Default-Portrait~ipad.png */,
				3088BBBB154F3926009F9C59 /* Default@2x~iphone.png */,
				3088BBBC154F3926009F9C59 /* Default~iphone.png */,
			);
			path = splash;
			sourceTree = "<group>";
		};
		EB87FDF11871DA420020F90C /* Staging */ = {
			isa = PBXGroup;
			children = (
				F840E1F0165FE0F500CFE078 /* config.xml */,
				301BF56E109A69640062928A /* www */,
			);
			name = Staging;
			sourceTree = "<group>";
		};
/* End PBXGroup section */

/* Begin PBXNativeTarget section */
		1D6058900D05DD3D006BFB54 /* KingTomato */ = {
			isa = PBXNativeTarget;
			buildConfigurationList = 1D6058960D05DD3E006BFB54 /* Build configuration list for PBXNativeTarget "KingTomato" */;
			buildPhases = (
				304B58A110DAC018002A0835 /* Copy www directory */,
				1D60588D0D05DD3D006BFB54 /* Resources */,
				1D60588E0D05DD3D006BFB54 /* Sources */,
				1D60588F0D05DD3D006BFB54 /* Frameworks */,
			);
			buildRules = (
			);
			dependencies = (
				301BF551109A68C00062928A /* PBXTargetDependency */,
			);
			name = KingTomato;
			productName = KingTomato;
			productReference = 1D6058910D05DD3D006BFB54 /* KingTomato.app */;
			productType = "com.apple.product-type.application";
		};
/* End PBXNativeTarget section */

/* Begin PBXProject section */
		29B97313FDCFA39411CA2CEA /* Project object */ = {
			isa = PBXProject;
			attributes = {
				LastUpgradeCheck = 510;
			};
			buildConfigurationList = C01FCF4E08A954540054247B /* Build configuration list for PBXProject "KingTomato" */;
			compatibilityVersion = "Xcode 3.2";
			developmentRegion = English;
			hasScannedForEncodings = 1;
			knownRegions = (
				English,
				Japanese,
				French,
				German,
				en,
				es,
				de,
				se,
			);
			mainGroup = 29B97314FDCFA39411CA2CEA /* CustomTemplate */;
			projectDirPath = "";
			projectReferences = (
				{
					ProductGroup = 301BF52E109A57CC0062928A /* Products */;
					ProjectRef = 301BF52D109A57CC0062928A /* CordovaLib.xcodeproj */;
				},
			);
			projectRoot = "";
			targets = (
				1D6058900D05DD3D006BFB54 /* KingTomato */,
			);
		};
/* End PBXProject section */

/* Begin PBXReferenceProxy section */
		301BF535109A57CC0062928A /* libCordova.a */ = {
			isa = PBXReferenceProxy;
			fileType = archive.ar;
			path = libCordova.a;
			remoteRef = 301BF534109A57CC0062928A /* PBXContainerItemProxy */;
			sourceTree = BUILT_PRODUCTS_DIR;
		};
/* End PBXReferenceProxy section */

/* Begin PBXResourcesBuildPhase section */
		1D60588D0D05DD3D006BFB54 /* Resources */ = {
			isa = PBXResourcesBuildPhase;
			buildActionMask = 2147483647;
			files = (
				7E7966E41810823500FA85AD /* icon-76.png in Resources */,
				7E7966DF1810823500FA85AD /* icon-40@2x.png in Resources */,
				308D05371370CCF300D202BF /* icon-72.png in Resources */,
				30B4F30119D5E07200D9F7D8 /* Default-736h.png in Resources */,
				308D05381370CCF300D202BF /* icon.png in Resources */,
				308D05391370CCF300D202BF /* icon@2x.png in Resources */,
				302D95F214D2391D003F00A1 /* MainViewController.xib in Resources */,
				7E7966E01810823500FA85AD /* icon-50.png in Resources */,
				7E7966E31810823500FA85AD /* icon-60@2x.png in Resources */,
				7E7966E61810823500FA85AD /* icon-small.png in Resources */,
				3088BBBD154F3926009F9C59 /* Default-Landscape@2x~ipad.png in Resources */,
				3088BBBE154F3926009F9C59 /* Default-Landscape~ipad.png in Resources */,
				3088BBBF154F3926009F9C59 /* Default-Portrait@2x~ipad.png in Resources */,
				7E7966E71810823500FA85AD /* icon-small@2x.png in Resources */,
				3088BBC0154F3926009F9C59 /* Default-Portrait~ipad.png in Resources */,
				30B4F30019D5E07200D9F7D8 /* Default-667h.png in Resources */,
				7E7966DE1810823500FA85AD /* icon-40.png in Resources */,
				3088BBC1154F3926009F9C59 /* Default@2x~iphone.png in Resources */,
				7E7966E21810823500FA85AD /* icon-60.png in Resources */,
				3088BBC2154F3926009F9C59 /* Default~iphone.png in Resources */,
				D4A0D8761607E02300AEF8BB /* Default-568h@2x~iphone.png in Resources */,
				30B4F30219D5E07200D9F7D8 /* Default-Landscape-736h.png in Resources */,
				30C1856619D5FC0A00212699 /* icon-60@3x.png in Resources */,
				7E7966E11810823500FA85AD /* icon-50@2x.png in Resources */,
				7E7966E51810823500FA85AD /* icon-76@2x.png in Resources */,
				30FC414916E50CA1004E6F35 /* icon-72@2x.png in Resources */,
				87F59DFED2A14A91BFC4EE3B /* CDVNotification.bundle in Resources */,
			);
			runOnlyForDeploymentPostprocessing = 0;
		};
/* End PBXResourcesBuildPhase section */

/* Begin PBXShellScriptBuildPhase section */
		304B58A110DAC018002A0835 /* Copy www directory */ = {
			isa = PBXShellScriptBuildPhase;
			buildActionMask = 2147483647;
			files = (
			);
			inputPaths = (
			);
			name = "Copy www directory";
			outputPaths = (
			);
			runOnlyForDeploymentPostprocessing = 0;
			shellPath = /bin/sh;
			shellScript = "cordova/lib/copy-www-build-step.sh";
			showEnvVarsInLog = 0;
		};
/* End PBXShellScriptBuildPhase section */

/* Begin PBXSourcesBuildPhase section */
		1D60588E0D05DD3D006BFB54 /* Sources */ = {
			isa = PBXSourcesBuildPhase;
			buildActionMask = 2147483647;
			files = (
				1D60589B0D05DD56006BFB54 /* main.m in Sources */,
				1D3623260D0F684500981E51 /* AppDelegate.m in Sources */,
				302D95F114D2391D003F00A1 /* MainViewController.m in Sources */,
				31DDF06E27DF4083B236E521 /* StreamingMedia.m in Sources */,
				2C24A2979E864205BE720193 /* AppDelegate+notification.m in Sources */,
				504A6691026E4E0EBAF52FFE /* PushPlugin.m in Sources */,
				8C8BC31ED00C44E2A159116F /* SocialSharing.m in Sources */,
				8B3418E51F09491BA2C8373B /* Toast+UIView.m in Sources */,
				591FA803FF4049A28C109CC5 /* Toast.m in Sources */,
				CDB3975DE9A84E4B94941694 /* CDVLogger.m in Sources */,
				943BCFFF7EA34C5C98BBCBE8 /* CDVDevice.m in Sources */,
				38D1C45EC09446908B9DD0C3 /* CDVNotification.m in Sources */,
				63854F97437845C5AF6BAF3A /* CDVFile.m in Sources */,
				6DC4C063C2CE408598BD6D6C /* CDVLocalFilesystem.m in Sources */,
				6E01A21785C94958B11A8FEF /* CDVAssetLibraryFilesystem.m in Sources */,
				7DB59BC2071846FD8E96476D /* CDVSound.m in Sources */,
				EA5909668EE94585918B45EB /* CDVFileTransfer.m in Sources */,
				39B0E29109924BB5A10B92B7 /* CDVLocation.m in Sources */,
				D8D616CC7F0940D595361741 /* CDVInAppBrowser.m in Sources */,
				6CD42F9460AE43DDA2F6F96A /* CDVConnection.m in Sources */,
				F27C5FDBF2364853BA42B0DB /* CDVReachability.m in Sources */,
				82738B5165F24FCF8CFE8CAE /* CDVSplashScreen.m in Sources */,
				B167B99447A2499A958539FD /* CDVStatusBar.m in Sources */,
				4DD1557FF505461BA482BE87 /* UIImage+CropScaleOrientation.m in Sources */,
				F392F6CCD6854AABA696D78D /* CDVCamera.m in Sources */,
				C73685652E7A4236957ED150 /* CDVJpegHeaderWriter.m in Sources */,
				6AC022ED1C4A483493121C18 /* APPEmailComposer.m in Sources */,
			);
			runOnlyForDeploymentPostprocessing = 0;
		};
/* End PBXSourcesBuildPhase section */

/* Begin PBXTargetDependency section */
		301BF551109A68C00062928A /* PBXTargetDependency */ = {
			isa = PBXTargetDependency;
			name = CordovaLib;
			targetProxy = 301BF550109A68C00062928A /* PBXContainerItemProxy */;
		};
/* End PBXTargetDependency section */

/* Begin XCBuildConfiguration section */
		1D6058940D05DD3E006BFB54 /* Debug */ = {
			isa = XCBuildConfiguration;
			buildSettings = {
				ALWAYS_SEARCH_USER_PATHS = NO;
				CLANG_ENABLE_OBJC_ARC = YES;
				CODE_SIGN_IDENTITY = "iPhone Developer: Erick Wellem (DURA8DFKC9)";
				COPY_PHASE_STRIP = NO;
				GCC_DYNAMIC_NO_PIC = NO;
				GCC_OPTIMIZATION_LEVEL = fast;
				GCC_PRECOMPILE_PREFIX_HEADER = YES;
				GCC_PREFIX_HEADER = "KingTomato/KingTomato-Prefix.pch";
				GCC_THUMB_SUPPORT = NO;
				GCC_VERSION = "";
				INFOPLIST_FILE = "KingTomato/KingTomato-Info.plist";
				IPHONEOS_DEPLOYMENT_TARGET = 6.0;
				OTHER_LDFLAGS = (
					"-weak_framework",
					CoreFoundation,
					"-weak_framework",
					UIKit,
					"-weak_framework",
					AVFoundation,
					"-weak_framework",
					CoreMedia,
					"-weak-lSystem",
					"-ObjC",
				);
				PRODUCT_NAME = KingTomato;
				PROVISIONING_PROFILE = "8a3c5f96-f3b6-4eba-9633-a2399c86da82";
				TARGETED_DEVICE_FAMILY = "1,2";
			};
			name = Debug;
		};
		1D6058950D05DD3E006BFB54 /* Release */ = {
			isa = XCBuildConfiguration;
			buildSettings = {
				ALWAYS_SEARCH_USER_PATHS = NO;
				CLANG_ENABLE_OBJC_ARC = YES;
				CODE_SIGN_IDENTITY = "iPhone Developer: Erick Wellem (DURA8DFKC9)";
				COPY_PHASE_STRIP = YES;
				GCC_OPTIMIZATION_LEVEL = fast;
				GCC_PRECOMPILE_PREFIX_HEADER = YES;
				GCC_PREFIX_HEADER = "KingTomato/KingTomato-Prefix.pch";
				GCC_THUMB_SUPPORT = NO;
				GCC_VERSION = "";
				INFOPLIST_FILE = "KingTomato/KingTomato-Info.plist";
				IPHONEOS_DEPLOYMENT_TARGET = 6.0;
				OTHER_LDFLAGS = (
					"-weak_framework",
					CoreFoundation,
					"-weak_framework",
					UIKit,
					"-weak_framework",
					AVFoundation,
					"-weak_framework",
					CoreMedia,
					"-weak-lSystem",
					"-ObjC",
				);
				PRODUCT_NAME = KingTomato;
				PROVISIONING_PROFILE = "8a3c5f96-f3b6-4eba-9633-a2399c86da82";
				TARGETED_DEVICE_FAMILY = "1,2";
			};
			name = Release;
		};
		C01FCF4F08A954540054247B /* Debug */ = {
			isa = XCBuildConfiguration;
			buildSettings = {
				CLANG_ENABLE_OBJC_ARC = YES;
				CLANG_WARN_BOOL_CONVERSION = YES;
				CLANG_WARN_CONSTANT_CONVERSION = YES;
				CLANG_WARN_EMPTY_BODY = YES;
				CLANG_WARN_ENUM_CONVERSION = YES;
				CLANG_WARN_INT_CONVERSION = YES;
				CLANG_WARN__DUPLICATE_METHOD_MATCH = YES;
				"CODE_SIGN_IDENTITY[sdk=iphoneos*]" = "iPhone Developer";
				GCC_C_LANGUAGE_STANDARD = c99;
				GCC_THUMB_SUPPORT = NO;
				GCC_VERSION = "";
				GCC_WARN_ABOUT_RETURN_TYPE = YES;
				GCC_WARN_UNDECLARED_SELECTOR = YES;
				GCC_WARN_UNINITIALIZED_AUTOS = YES;
				GCC_WARN_UNUSED_FUNCTION = YES;
				GCC_WARN_UNUSED_VARIABLE = YES;
				HEADER_SEARCH_PATHS = (
					"\"$(TARGET_BUILD_DIR)/usr/local/lib/include\"",
					"\"$(OBJROOT)/UninstalledProducts/include\"",
					"\"$(BUILT_PRODUCTS_DIR)\"",
				);
				IPHONEOS_DEPLOYMENT_TARGET = 6.0;
				ONLY_ACTIVE_ARCH = YES;
				OTHER_LDFLAGS = (
					"-weak_framework",
					CoreFoundation,
					"-weak_framework",
					UIKit,
					"-weak_framework",
					AVFoundation,
					"-weak_framework",
					CoreMedia,
					"-weak-lSystem",
					"-ObjC",
				);
				SDKROOT = iphoneos;
				SKIP_INSTALL = NO;
				USER_HEADER_SEARCH_PATHS = "";
			};
			name = Debug;
		};
		C01FCF5008A954540054247B /* Release */ = {
			isa = XCBuildConfiguration;
			buildSettings = {
				CLANG_ENABLE_OBJC_ARC = YES;
				CLANG_WARN_BOOL_CONVERSION = YES;
				CLANG_WARN_CONSTANT_CONVERSION = YES;
				CLANG_WARN_EMPTY_BODY = YES;
				CLANG_WARN_ENUM_CONVERSION = YES;
				CLANG_WARN_INT_CONVERSION = YES;
				CLANG_WARN__DUPLICATE_METHOD_MATCH = YES;
				"CODE_SIGN_IDENTITY[sdk=iphoneos*]" = "iPhone Developer";
				GCC_C_LANGUAGE_STANDARD = c99;
				GCC_THUMB_SUPPORT = NO;
				GCC_VERSION = "";
				GCC_WARN_ABOUT_RETURN_TYPE = YES;
				GCC_WARN_UNDECLARED_SELECTOR = YES;
				GCC_WARN_UNINITIALIZED_AUTOS = YES;
				GCC_WARN_UNUSED_FUNCTION = YES;
				GCC_WARN_UNUSED_VARIABLE = YES;
				HEADER_SEARCH_PATHS = (
					"\"$(TARGET_BUILD_DIR)/usr/local/lib/include\"",
					"\"$(OBJROOT)/UninstalledProducts/include\"",
					"\"$(BUILT_PRODUCTS_DIR)\"",
				);
				IPHONEOS_DEPLOYMENT_TARGET = 6.0;
				OTHER_LDFLAGS = (
					"-weak_framework",
					CoreFoundation,
					"-weak_framework",
					UIKit,
					"-weak_framework",
					AVFoundation,
					"-weak_framework",
					CoreMedia,
					"-weak-lSystem",
					"-ObjC",
				);
				SDKROOT = iphoneos;
				SKIP_INSTALL = NO;
				USER_HEADER_SEARCH_PATHS = "";
			};
			name = Release;
		};
/* End XCBuildConfiguration section */

/* Begin XCConfigurationList section */
		1D6058960D05DD3E006BFB54 /* Build configuration list for PBXNativeTarget "KingTomato" */ = {
			isa = XCConfigurationList;
			buildConfigurations = (
				1D6058940D05DD3E006BFB54 /* Debug */,
				1D6058950D05DD3E006BFB54 /* Release */,
			);
			defaultConfigurationIsVisible = 0;
			defaultConfigurationName = Release;
		};
		C01FCF4E08A954540054247B /* Build configuration list for PBXProject "KingTomato" */ = {
			isa = XCConfigurationList;
			buildConfigurations = (
				C01FCF4F08A954540054247B /* Debug */,
				C01FCF5008A954540054247B /* Release */,
			);
			defaultConfigurationIsVisible = 0;
			defaultConfigurationName = Release;
		};
/* End XCConfigurationList section */
	};
	rootObject = 29B97313FDCFA39411CA2CEA /* Project object */;
}
